
Microsoft Visual Studio Solution File, Format Version 12.00
# Visual Studio Version 16
VisualStudioVersion = 16.0.31005.135
MinimumVisualStudioVersion = 10.0.40219.1
Project("{9A19103F-16F7-4668-BE54-9A1E7A4F7556}") = "myprog", "myprog.csproj", "{80D97407-02A1-4090-B46C-C21A596AD9EA}"
EndProject
Global
	GlobalSection(SolutionConfigurationPlatforms) = preSolution
		Debug|Any CPU = Debug|Any CPU
		Release|Any CPU = Release|Any CPU
	EndGlobalSection
	GlobalSection(ProjectConfigurationPlatforms) = postSolution
		{80D97407-02A1-4090-B46C-C21A596AD9EA}.Debug|Any CPU.ActiveCfg = Debug|Any CPU
		{80D97407-02A1-4090-B46C-C21A596AD9EA}.Debug|Any CPU.Build.0 = Debug|Any CPU
		{80D97407-02A1-4090-B46C-C21A596AD9EA}.Release|Any CPU.ActiveCfg = Release|Any CPU
		{80D97407-02A1-4090-B46C-C21A596AD9EA}.Release|Any CPU.Build.0 = Release|Any CPU
	EndGlobalSection
	GlobalSection(SolutionProperties) = preSolution
		HideSolutionNode = FALSE
	EndGlobalSection
	GlobalSection(ExtensibilityGlobals) = postSolution
		SolutionGuid = {6D3C1CB1-5E53-40D3-8AD8-0F83A676B0D9}
	EndGlobalSection
EndGlobal
